// !$*UTF8*$!
{
	archiveVersion = 1;
	classes = {
	};
	objectVersion = 50;
	objects = {

/* Begin PBXBuildFile section */
		01523DF622675A3F009F00BB /* AppDelegate.swift in Sources */ = {isa = PBXBuildFile; fileRef = 01523DF522675A3F009F00BB /* AppDelegate.swift */; };
		01523DF822675A3F009F00BB /* MovieListViewController.swift in Sources */ = {isa = PBXBuildFile; fileRef = 01523DF722675A3F009F00BB /* MovieListViewController.swift */; };
		01523DFB22675A3F009F00BB /* Main.storyboard in Resources */ = {isa = PBXBuildFile; fileRef = 01523DF922675A3F009F00BB /* Main.storyboard */; };
		01523DFD22675A41009F00BB /* Assets.xcassets in Resources */ = {isa = PBXBuildFile; fileRef = 01523DFC22675A41009F00BB /* Assets.xcassets */; };
		01523E0022675A41009F00BB /* LaunchScreen.storyboard in Resources */ = {isa = PBXBuildFile; fileRef = 01523DFE22675A41009F00BB /* LaunchScreen.storyboard */; };
		01523E0B22675A41009F00BB /* MovieAppTests.swift in Sources */ = {isa = PBXBuildFile; fileRef = 01523E0A22675A41009F00BB /* MovieAppTests.swift */; };
		01523E1622675A41009F00BB /* MovieAppUITests.swift in Sources */ = {isa = PBXBuildFile; fileRef = 01523E1522675A41009F00BB /* MovieAppUITests.swift */; };
		01523E2422676D99009F00BB /* MovieListView.swift in Sources */ = {isa = PBXBuildFile; fileRef = 01523E2322676D99009F00BB /* MovieListView.swift */; };
		01523E2622676E84009F00BB /* ListCVC.swift in Sources */ = {isa = PBXBuildFile; fileRef = 01523E2522676E84009F00BB /* ListCVC.swift */; };
		015516FE2269C79D00927D7E /* ActorsInfo.swift in Sources */ = {isa = PBXBuildFile; fileRef = 015516FD2269C79D00927D7E /* ActorsInfo.swift */; };
		015517002269CC5E00927D7E /* CastCVC.swift in Sources */ = {isa = PBXBuildFile; fileRef = 015516FF2269CC5E00927D7E /* CastCVC.swift */; };
		01746EF82267A627006AA8F1 /* NetworkProtocol.swift in Sources */ = {isa = PBXBuildFile; fileRef = 01746EF72267A627006AA8F1 /* NetworkProtocol.swift */; };
		019A3C4D22689DD500C14154 /* MovieListViewModel.swift in Sources */ = {isa = PBXBuildFile; fileRef = 019A3C4C22689DD500C14154 /* MovieListViewModel.swift */; };
		019A3C4F22689E7700C14154 /* MovieListModel.swift in Sources */ = {isa = PBXBuildFile; fileRef = 019A3C4E22689E7700C14154 /* MovieListModel.swift */; };
		019E813B2268C953000B171E /* CustomImageView.swift in Sources */ = {isa = PBXBuildFile; fileRef = 019E813A2268C953000B171E /* CustomImageView.swift */; };
		01A4DB422268F7BD008FD8A2 /* MovieDetailViewController.swift in Sources */ = {isa = PBXBuildFile; fileRef = 01A4DB412268F7BD008FD8A2 /* MovieDetailViewController.swift */; };
		01A4DB442268F855008FD8A2 /* MovieDetailView.swift in Sources */ = {isa = PBXBuildFile; fileRef = 01A4DB432268F855008FD8A2 /* MovieDetailView.swift */; };
		01BF00AB2268893D0019A148 /* ReusableView.swift in Sources */ = {isa = PBXBuildFile; fileRef = 01BF00AA2268893D0019A148 /* ReusableView.swift */; };
		01BF00AD22688A190019A148 /* extensions.swift in Sources */ = {isa = PBXBuildFile; fileRef = 01BF00AC22688A190019A148 /* extensions.swift */; };
/* End PBXBuildFile section */

/* Begin PBXContainerItemProxy section */
		01523E0722675A41009F00BB /* PBXContainerItemProxy */ = {
			isa = PBXContainerItemProxy;
			containerPortal = 01523DEA22675A3F009F00BB /* Project object */;
			proxyType = 1;
			remoteGlobalIDString = 01523DF122675A3F009F00BB;
			remoteInfo = MovieApp;
		};
		01523E1222675A41009F00BB /* PBXContainerItemProxy */ = {
			isa = PBXContainerItemProxy;
			containerPortal = 01523DEA22675A3F009F00BB /* Project object */;
			proxyType = 1;
			remoteGlobalIDString = 01523DF122675A3F009F00BB;
			remoteInfo = MovieApp;
		};
/* End PBXContainerItemProxy section */

/* Begin PBXFileReference section */
		01523DF222675A3F009F00BB /* MovieApp.app */ = {isa = PBXFileReference; explicitFileType = wrapper.application; includeInIndex = 0; path = MovieApp.app; sourceTree = BUILT_PRODUCTS_DIR; };
		01523DF522675A3F009F00BB /* AppDelegate.swift */ = {isa = PBXFileReference; lastKnownFileType = sourcecode.swift; path = AppDelegate.swift; sourceTree = "<group>"; };
		01523DF722675A3F009F00BB /* MovieListViewController.swift */ = {isa = PBXFileReference; lastKnownFileType = sourcecode.swift; path = MovieListViewController.swift; sourceTree = "<group>"; };
		01523DFA22675A3F009F00BB /* Base */ = {isa = PBXFileReference; lastKnownFileType = file.storyboard; name = Base; path = Base.lproj/Main.storyboard; sourceTree = "<group>"; };
		01523DFC22675A41009F00BB /* Assets.xcassets */ = {isa = PBXFileReference; lastKnownFileType = folder.assetcatalog; path = Assets.xcassets; sourceTree = "<group>"; };
		01523DFF22675A41009F00BB /* Base */ = {isa = PBXFileReference; lastKnownFileType = file.storyboard; name = Base; path = Base.lproj/LaunchScreen.storyboard; sourceTree = "<group>"; };
		01523E0122675A41009F00BB /* Info.plist */ = {isa = PBXFileReference; lastKnownFileType = text.plist.xml; path = Info.plist; sourceTree = "<group>"; };
		01523E0622675A41009F00BB /* MovieAppTests.xctest */ = {isa = PBXFileReference; explicitFileType = wrapper.cfbundle; includeInIndex = 0; path = MovieAppTests.xctest; sourceTree = BUILT_PRODUCTS_DIR; };
		01523E0A22675A41009F00BB /* MovieAppTests.swift */ = {isa = PBXFileReference; lastKnownFileType = sourcecode.swift; path = MovieAppTests.swift; sourceTree = "<group>"; };
		01523E0C22675A41009F00BB /* Info.plist */ = {isa = PBXFileReference; lastKnownFileType = text.plist.xml; path = Info.plist; sourceTree = "<group>"; };
		01523E1122675A41009F00BB /* MovieAppUITests.xctest */ = {isa = PBXFileReference; explicitFileType = wrapper.cfbundle; includeInIndex = 0; path = MovieAppUITests.xctest; sourceTree = BUILT_PRODUCTS_DIR; };
		01523E1522675A41009F00BB /* MovieAppUITests.swift */ = {isa = PBXFileReference; lastKnownFileType = sourcecode.swift; path = MovieAppUITests.swift; sourceTree = "<group>"; };
		01523E1722675A41009F00BB /* Info.plist */ = {isa = PBXFileReference; lastKnownFileType = text.plist.xml; path = Info.plist; sourceTree = "<group>"; };
		01523E2322676D99009F00BB /* MovieListView.swift */ = {isa = PBXFileReference; lastKnownFileType = sourcecode.swift; path = MovieListView.swift; sourceTree = "<group>"; };
		01523E2522676E84009F00BB /* ListCVC.swift */ = {isa = PBXFileReference; lastKnownFileType = sourcecode.swift; path = ListCVC.swift; sourceTree = "<group>"; };
		015516FD2269C79D00927D7E /* ActorsInfo.swift */ = {isa = PBXFileReference; lastKnownFileType = sourcecode.swift; path = ActorsInfo.swift; sourceTree = "<group>"; };
		015516FF2269CC5E00927D7E /* CastCVC.swift */ = {isa = PBXFileReference; lastKnownFileType = sourcecode.swift; path = CastCVC.swift; sourceTree = "<group>"; };
		01746EF72267A627006AA8F1 /* NetworkProtocol.swift */ = {isa = PBXFileReference; lastKnownFileType = sourcecode.swift; path = NetworkProtocol.swift; sourceTree = "<group>"; };
		019A3C4C22689DD500C14154 /* MovieListViewModel.swift */ = {isa = PBXFileReference; lastKnownFileType = sourcecode.swift; path = MovieListViewModel.swift; sourceTree = "<group>"; };
		019A3C4E22689E7700C14154 /* MovieListModel.swift */ = {isa = PBXFileReference; lastKnownFileType = sourcecode.swift; path = MovieListModel.swift; sourceTree = "<group>"; };
		019E813A2268C953000B171E /* CustomImageView.swift */ = {isa = PBXFileReference; lastKnownFileType = sourcecode.swift; path = CustomImageView.swift; sourceTree = "<group>"; };
		01A4DB412268F7BD008FD8A2 /* MovieDetailViewController.swift */ = {isa = PBXFileReference; lastKnownFileType = sourcecode.swift; path = MovieDetailViewController.swift; sourceTree = "<group>"; };
		01A4DB432268F855008FD8A2 /* MovieDetailView.swift */ = {isa = PBXFileReference; lastKnownFileType = sourcecode.swift; path = MovieDetailView.swift; sourceTree = "<group>"; };
		01BF00AA2268893D0019A148 /* ReusableView.swift */ = {isa = PBXFileReference; lastKnownFileType = sourcecode.swift; path = ReusableView.swift; sourceTree = "<group>"; };
		01BF00AC22688A190019A148 /* extensions.swift */ = {isa = PBXFileReference; lastKnownFileType = sourcecode.swift; path = extensions.swift; sourceTree = "<group>"; };
/* End PBXFileReference section */

/* Begin PBXFrameworksBuildPhase section */
		01523DEF22675A3F009F00BB /* Frameworks */ = {
			isa = PBXFrameworksBuildPhase;
			buildActionMask = 2147483647;
			files = (
			);
			runOnlyForDeploymentPostprocessing = 0;
		};
		01523E0322675A41009F00BB /* Frameworks */ = {
			isa = PBXFrameworksBuildPhase;
			buildActionMask = 2147483647;
			files = (
			);
			runOnlyForDeploymentPostprocessing = 0;
		};
		01523E0E22675A41009F00BB /* Frameworks */ = {
			isa = PBXFrameworksBuildPhase;
			buildActionMask = 2147483647;
			files = (
			);
			runOnlyForDeploymentPostprocessing = 0;
		};
/* End PBXFrameworksBuildPhase section */

/* Begin PBXGroup section */
		01523DE922675A3F009F00BB = {
			isa = PBXGroup;
			children = (
				01523DF422675A3F009F00BB /* MovieApp */,
				01523E0922675A41009F00BB /* MovieAppTests */,
				01523E1422675A41009F00BB /* MovieAppUITests */,
				01523DF322675A3F009F00BB /* Products */,
			);
			sourceTree = "<group>";
		};
		01523DF322675A3F009F00BB /* Products */ = {
			isa = PBXGroup;
			children = (
				01523DF222675A3F009F00BB /* MovieApp.app */,
				01523E0622675A41009F00BB /* MovieAppTests.xctest */,
				01523E1122675A41009F00BB /* MovieAppUITests.xctest */,
			);
			name = Products;
			sourceTree = "<group>";
		};
		01523DF422675A3F009F00BB /* MovieApp */ = {
			isa = PBXGroup;
			children = (
				01A4DB402268F770008FD8A2 /* ViewControllers */,
				01BF00B12268922F0019A148 /* Network */,
				01BF00B0226892170019A148 /* ViewModels */,
				01BF00AF2268920D0019A148 /* Models */,
				01BF00AE226891FF0019A148 /* Views */,
				01523DF522675A3F009F00BB /* AppDelegate.swift */,
				01BF00AC22688A190019A148 /* extensions.swift */,
				019E813A2268C953000B171E /* CustomImageView.swift */,
				01523DF922675A3F009F00BB /* Main.storyboard */,
				01BF00AA2268893D0019A148 /* ReusableView.swift */,
				01523DFC22675A41009F00BB /* Assets.xcassets */,
				01523DFE22675A41009F00BB /* LaunchScreen.storyboard */,
				01523E0122675A41009F00BB /* Info.plist */,
			);
			path = MovieApp;
			sourceTree = "<group>";
		};
		01523E0922675A41009F00BB /* MovieAppTests */ = {
			isa = PBXGroup;
			children = (
				01523E0A22675A41009F00BB /* MovieAppTests.swift */,
				01523E0C22675A41009F00BB /* Info.plist */,
			);
			path = MovieAppTests;
			sourceTree = "<group>";
		};
		01523E1422675A41009F00BB /* MovieAppUITests */ = {
			isa = PBXGroup;
			children = (
				01523E1522675A41009F00BB /* MovieAppUITests.swift */,
				01523E1722675A41009F00BB /* Info.plist */,
			);
			path = MovieAppUITests;
			sourceTree = "<group>";
		};
		01A4DB402268F770008FD8A2 /* ViewControllers */ = {
			isa = PBXGroup;
			children = (
				01523DF722675A3F009F00BB /* MovieListViewController.swift */,
				01A4DB412268F7BD008FD8A2 /* MovieDetailViewController.swift */,
			);
			path = ViewControllers;
			sourceTree = "<group>";
		};
		01BF00AE226891FF0019A148 /* Views */ = {
			isa = PBXGroup;
			children = (
				01523E2522676E84009F00BB /* ListCVC.swift */,
				01523E2322676D99009F00BB /* MovieListView.swift */,
				01A4DB432268F855008FD8A2 /* MovieDetailView.swift */,
				015516FF2269CC5E00927D7E /* CastCVC.swift */,
			);
			path = Views;
			sourceTree = "<group>";
		};
		01BF00AF2268920D0019A148 /* Models */ = {
			isa = PBXGroup;
			children = (
				019A3C4E22689E7700C14154 /* MovieListModel.swift */,
				015516FD2269C79D00927D7E /* ActorsInfo.swift */,
			);
			path = Models;
			sourceTree = "<group>";
		};
		01BF00B0226892170019A148 /* ViewModels */ = {
			isa = PBXGroup;
			children = (
				019A3C4C22689DD500C14154 /* MovieListViewModel.swift */,
			);
			path = ViewModels;
			sourceTree = "<group>";
		};
		01BF00B12268922F0019A148 /* Network */ = {
			isa = PBXGroup;
			children = (
				01746EF72267A627006AA8F1 /* NetworkProtocol.swift */,
			);
			path = Network;
			sourceTree = "<group>";
		};
/* End PBXGroup section */

/* Begin PBXNativeTarget section */
		01523DF122675A3F009F00BB /* MovieApp */ = {
			isa = PBXNativeTarget;
			buildConfigurationList = 01523E1A22675A41009F00BB /* Build configuration list for PBXNativeTarget "MovieApp" */;
			buildPhases = (
				01523DEE22675A3F009F00BB /* Sources */,
				01523DEF22675A3F009F00BB /* Frameworks */,
				01523DF022675A3F009F00BB /* Resources */,
			);
			buildRules = (
			);
			dependencies = (
			);
			name = MovieApp;
			productName = MovieApp;
			productReference = 01523DF222675A3F009F00BB /* MovieApp.app */;
			productType = "com.apple.product-type.application";
		};
		01523E0522675A41009F00BB /* MovieAppTests */ = {
			isa = PBXNativeTarget;
			buildConfigurationList = 01523E1D22675A41009F00BB /* Build configuration list for PBXNativeTarget "MovieAppTests" */;
			buildPhases = (
				01523E0222675A41009F00BB /* Sources */,
				01523E0322675A41009F00BB /* Frameworks */,
				01523E0422675A41009F00BB /* Resources */,
			);
			buildRules = (
			);
			dependencies = (
				01523E0822675A41009F00BB /* PBXTargetDependency */,
			);
			name = MovieAppTests;
			productName = MovieAppTests;
			productReference = 01523E0622675A41009F00BB /* MovieAppTests.xctest */;
			productType = "com.apple.product-type.bundle.unit-test";
		};
		01523E1022675A41009F00BB /* MovieAppUITests */ = {
			isa = PBXNativeTarget;
			buildConfigurationList = 01523E2022675A41009F00BB /* Build configuration list for PBXNativeTarget "MovieAppUITests" */;
			buildPhases = (
				01523E0D22675A41009F00BB /* Sources */,
				01523E0E22675A41009F00BB /* Frameworks */,
				01523E0F22675A41009F00BB /* Resources */,
			);
			buildRules = (
			);
			dependencies = (
				01523E1322675A41009F00BB /* PBXTargetDependency */,
			);
			name = MovieAppUITests;
			productName = MovieAppUITests;
			productReference = 01523E1122675A41009F00BB /* MovieAppUITests.xctest */;
			productType = "com.apple.product-type.bundle.ui-testing";
		};
/* End PBXNativeTarget section */

/* Begin PBXProject section */
		01523DEA22675A3F009F00BB /* Project object */ = {
			isa = PBXProject;
			attributes = {
				LastSwiftUpdateCheck = 1010;
				LastUpgradeCheck = 1010;
				ORGANIZATIONNAME = user143649;
				TargetAttributes = {
					01523DF122675A3F009F00BB = {
						CreatedOnToolsVersion = 10.1;
					};
					01523E0522675A41009F00BB = {
						CreatedOnToolsVersion = 10.1;
						TestTargetID = 01523DF122675A3F009F00BB;
					};
					01523E1022675A41009F00BB = {
						CreatedOnToolsVersion = 10.1;
						TestTargetID = 01523DF122675A3F009F00BB;
					};
				};
			};
			buildConfigurationList = 01523DED22675A3F009F00BB /* Build configuration list for PBXProject "MovieApp" */;
			compatibilityVersion = "Xcode 9.3";
			developmentRegion = en;
			hasScannedForEncodings = 0;
			knownRegions = (
				en,
				Base,
			);
			mainGroup = 01523DE922675A3F009F00BB;
			productRefGroup = 01523DF322675A3F009F00BB /* Products */;
			projectDirPath = "";
			projectRoot = "";
			targets = (
				01523DF122675A3F009F00BB /* MovieApp */,
				01523E0522675A41009F00BB /* MovieAppTests */,
				01523E1022675A41009F00BB /* MovieAppUITests */,
			);
		};
/* End PBXProject section */

/* Begin PBXResourcesBuildPhase section */
		01523DF022675A3F009F00BB /* Resources */ = {
			isa = PBXResourcesBuildPhase;
			buildActionMask = 2147483647;
			files = (
				01523E0022675A41009F00BB /* LaunchScreen.storyboard in Resources */,
				01523DFD22675A41009F00BB /* Assets.xcassets in Resources */,
				01523DFB22675A3F009F00BB /* Main.storyboard in Resources */,
			);
			runOnlyForDeploymentPostprocessing = 0;
		};
		01523E0422675A41009F00BB /* Resources */ = {
			isa = PBXResourcesBuildPhase;
			buildActionMask = 2147483647;
			files = (
			);
			runOnlyForDeploymentPostprocessing = 0;
		};
		01523E0F22675A41009F00BB /* Resources */ = {
			isa = PBXResourcesBuildPhase;
			buildActionMask = 2147483647;
			files = (
			);
			runOnlyForDeploymentPostprocessing = 0;
		};
/* End PBXResourcesBuildPhase section */

/* Begin PBXSourcesBuildPhase section */
		01523DEE22675A3F009F00BB /* Sources */ = {
			isa = PBXSourcesBuildPhase;
			buildActionMask = 2147483647;
			files = (
				019A3C4F22689E7700C14154 /* MovieListModel.swift in Sources */,
				01523DF822675A3F009F00BB /* MovieListViewController.swift in Sources */,
				01523DF622675A3F009F00BB /* AppDelegate.swift in Sources */,
				01746EF82267A627006AA8F1 /* NetworkProtocol.swift in Sources */,
				019A3C4D22689DD500C14154 /* MovieListViewModel.swift in Sources */,
				01BF00AD22688A190019A148 /* extensions.swift in Sources */,
				01A4DB442268F855008FD8A2 /* MovieDetailView.swift in Sources */,
				01BF00AB2268893D0019A148 /* ReusableView.swift in Sources */,
				01523E2622676E84009F00BB /* ListCVC.swift in Sources */,
				015516FE2269C79D00927D7E /* ActorsInfo.swift in Sources */,
				01523E2422676D99009F00BB /* MovieListView.swift in Sources */,
				01A4DB422268F7BD008FD8A2 /* MovieDetailViewController.swift in Sources */,
				019E813B2268C953000B171E /* CustomImageView.swift in Sources */,
				015517002269CC5E00927D7E /* CastCVC.swift in Sources */,
			);
			runOnlyForDeploymentPostprocessing = 0;
		};
		01523E0222675A41009F00BB /* Sources */ = {
			isa = PBXSourcesBuildPhase;
			buildActionMask = 2147483647;
			files = (
				01523E0B22675A41009F00BB /* MovieAppTests.swift in Sources */,
			);
			runOnlyForDeploymentPostprocessing = 0;
		};
		01523E0D22675A41009F00BB /* Sources */ = {
			isa = PBXSourcesBuildPhase;
			buildActionMask = 2147483647;
			files = (
				01523E1622675A41009F00BB /* MovieAppUITests.swift in Sources */,
			);
			runOnlyForDeploymentPostprocessing = 0;
		};
/* End PBXSourcesBuildPhase section */

/* Begin PBXTargetDependency section */
		01523E0822675A41009F00BB /* PBXTargetDependency */ = {
			isa = PBXTargetDependency;
			target = 01523DF122675A3F009F00BB /* MovieApp */;
			targetProxy = 01523E0722675A41009F00BB /* PBXContainerItemProxy */;
		};
		01523E1322675A41009F00BB /* PBXTargetDependency */ = {
			isa = PBXTargetDependency;
			target = 01523DF122675A3F009F00BB /* MovieApp */;
			targetProxy = 01523E1222675A41009F00BB /* PBXContainerItemProxy */;
		};
/* End PBXTargetDependency section */

/* Begin PBXVariantGroup section */
		01523DF922675A3F009F00BB /* Main.storyboard */ = {
			isa = PBXVariantGroup;
			children = (
				01523DFA22675A3F009F00BB /* Base */,
			);
			name = Main.storyboard;
			sourceTree = "<group>";
		};
		01523DFE22675A41009F00BB /* LaunchScreen.storyboard */ = {
			isa = PBXVariantGroup;
			children = (
				01523DFF22675A41009F00BB /* Base */,
			);
			name = LaunchScreen.storyboard;
			sourceTree = "<group>";
		};
/* End PBXVariantGroup section */

/* Begin XCBuildConfiguration section */
		01523E1822675A41009F00BB /* Debug */ = {
			isa = XCBuildConfiguration;
			buildSettings = {
				ALWAYS_SEARCH_USER_PATHS = NO;
				CLANG_ANALYZER_NONNULL = YES;
				CLANG_ANALYZER_NUMBER_OBJECT_CONVERSION = YES_AGGRESSIVE;
				CLANG_CXX_LANGUAGE_STANDARD = "gnu++14";
				CLANG_CXX_LIBRARY = "libc++";
				CLANG_ENABLE_MODULES = YES;
				CLANG_ENABLE_OBJC_ARC = YES;
				CLANG_ENABLE_OBJC_WEAK = YES;
				CLANG_WARN_BLOCK_CAPTURE_AUTORELEASING = YES;
				CLANG_WARN_BOOL_CONVERSION = YES;
				CLANG_WARN_COMMA = YES;
				CLANG_WARN_CONSTANT_CONVERSION = YES;
				CLANG_WARN_DEPRECATED_OBJC_IMPLEMENTATIONS = YES;
				CLANG_WARN_DIRECT_OBJC_ISA_USAGE = YES_ERROR;
				CLANG_WARN_DOCUMENTATION_COMMENTS = YES;
				CLANG_WARN_EMPTY_BODY = YES;
				CLANG_WARN_ENUM_CONVERSION = YES;
				CLANG_WARN_INFINITE_RECURSION = YES;
				CLANG_WARN_INT_CONVERSION = YES;
				CLANG_WARN_NON_LITERAL_NULL_CONVERSION = YES;
				CLANG_WARN_OBJC_IMPLICIT_RETAIN_SELF = YES;
				CLANG_WARN_OBJC_LITERAL_CONVERSION = YES;
				CLANG_WARN_OBJC_ROOT_CLASS = YES_ERROR;
				CLANG_WARN_RANGE_LOOP_ANALYSIS = YES;
				CLANG_WARN_STRICT_PROTOTYPES = YES;
				CLANG_WARN_SUSPICIOUS_MOVE = YES;
				CLANG_WARN_UNGUARDED_AVAILABILITY = YES_AGGRESSIVE;
				CLANG_WARN_UNREACHABLE_CODE = YES;
				CLANG_WARN__DUPLICATE_METHOD_MATCH = YES;
				CODE_SIGN_IDENTITY = "iPhone Developer";
				COPY_PHASE_STRIP = NO;
				DEBUG_INFORMATION_FORMAT = dwarf;
				ENABLE_STRICT_OBJC_MSGSEND = YES;
				ENABLE_TESTABILITY = YES;
				GCC_C_LANGUAGE_STANDARD = gnu11;
				GCC_DYNAMIC_NO_PIC = NO;
				GCC_NO_COMMON_BLOCKS = YES;
				GCC_OPTIMIZATION_LEVEL = 0;
				GCC_PREPROCESSOR_DEFINITIONS = (
					"DEBUG=1",
					"$(inherited)",
				);
				GCC_WARN_64_TO_32_BIT_CONVERSION = YES;
				GCC_WARN_ABOUT_RETURN_TYPE = YES_ERROR;
				GCC_WARN_UNDECLARED_SELECTOR = YES;
				GCC_WARN_UNINITIALIZED_AUTOS = YES_AGGRESSIVE;
				GCC_WARN_UNUSED_FUNCTION = YES;
				GCC_WARN_UNUSED_VARIABLE = YES;
				IPHONEOS_DEPLOYMENT_TARGET = 12.1;
				MTL_ENABLE_DEBUG_INFO = INCLUDE_SOURCE;
				MTL_FAST_MATH = YES;
				ONLY_ACTIVE_ARCH = YES;
				SDKROOT = iphoneos;
				SWIFT_ACTIVE_COMPILATION_CONDITIONS = DEBUG;
				SWIFT_OPTIMIZATION_LEVEL = "-Onone";
			};
			name = Debug;
		};
		01523E1922675A41009F00BB /* Release */ = {
			isa = XCBuildConfiguration;
			buildSettings = {
				ALWAYS_SEARCH_USER_PATHS = NO;
				CLANG_ANALYZER_NONNULL = YES;
				CLANG_ANALYZER_NUMBER_OBJECT_CONVERSION = YES_AGGRESSIVE;
				CLANG_CXX_LANGUAGE_STANDARD = "gnu++14";
				CLANG_CXX_LIBRARY = "libc++";
				CLANG_ENABLE_MODULES = YES;
				CLANG_ENABLE_OBJC_ARC = YES;
				CLANG_ENABLE_OBJC_WEAK = YES;
				CLANG_WARN_BLOCK_CAPTURE_AUTORELEASING = YES;
				CLANG_WARN_BOOL_CONVERSION = YES;
				CLANG_WARN_COMMA = YES;
				CLANG_WARN_CONSTANT_CONVERSION = YES;
				CLANG_WARN_DEPRECATED_OBJC_IMPLEMENTATIONS = YES;
				CLANG_WARN_DIRECT_OBJC_ISA_USAGE = YES_ERROR;
				CLANG_WARN_DOCUMENTATION_COMMENTS = YES;
				CLANG_WARN_EMPTY_BODY = YES;
				CLANG_WARN_ENUM_CONVERSION = YES;
				CLANG_WARN_INFINITE_RECURSION = YES;
				CLANG_WARN_INT_CONVERSION = YES;
				CLANG_WARN_NON_LITERAL_NULL_CONVERSION = YES;
				CLANG_WARN_OBJC_IMPLICIT_RETAIN_SELF = YES;
				CLANG_WARN_OBJC_LITERAL_CONVERSION = YES;
				CLANG_WARN_OBJC_ROOT_CLASS = YES_ERROR;
				CLANG_WARN_RANGE_LOOP_ANALYSIS = YES;
				CLANG_WARN_STRICT_PROTOTYPES = YES;
				CLANG_WARN_SUSPICIOUS_MOVE = YES;
				CLANG_WARN_UNGUARDED_AVAILABILITY = YES_AGGRESSIVE;
				CLANG_WARN_UNREACHABLE_CODE = YES;
				CLANG_WARN__DUPLICATE_METHOD_MATCH = YES;
				CODE_SIGN_IDENTITY = "iPhone Developer";
				COPY_PHASE_STRIP = NO;
				DEBUG_INFORMATION_FORMAT = "dwarf-with-dsym";
				ENABLE_NS_ASSERTIONS = NO;
				ENABLE_STRICT_OBJC_MSGSEND = YES;
				GCC_C_LANGUAGE_STANDARD = gnu11;
				GCC_NO_COMMON_BLOCKS = YES;
				GCC_WARN_64_TO_32_BIT_CONVERSION = YES;
				GCC_WARN_ABOUT_RETURN_TYPE = YES_ERROR;
				GCC_WARN_UNDECLARED_SELECTOR = YES;
				GCC_WARN_UNINITIALIZED_AUTOS = YES_AGGRESSIVE;
				GCC_WARN_UNUSED_FUNCTION = YES;
				GCC_WARN_UNUSED_VARIABLE = YES;
				IPHONEOS_DEPLOYMENT_TARGET = 12.1;
				MTL_ENABLE_DEBUG_INFO = NO;
				MTL_FAST_MATH = YES;
				SDKROOT = iphoneos;
				SWIFT_COMPILATION_MODE = wholemodule;
				SWIFT_OPTIMIZATION_LEVEL = "-O";
				VALIDATE_PRODUCT = YES;
			};
			name = Release;
		};
		01523E1B22675A41009F00BB /* Debug */ = {
			isa = XCBuildConfiguration;
			buildSettings = {
				ASSETCATALOG_COMPILER_APPICON_NAME = AppIcon;
				CODE_SIGN_STYLE = Automatic;
				INFOPLIST_FILE = MovieApp/Info.plist;
				LD_RUNPATH_SEARCH_PATHS = (
					"$(inherited)",
					"@executable_path/Frameworks",
				);
				PRODUCT_BUNDLE_IDENTIFIER = mobe.MovieApp;
				PRODUCT_NAME = "$(TARGET_NAME)";
				SWIFT_VERSION = 4.2;
				TARGETED_DEVICE_FAMILY = "1,2";
			};
			name = Debug;
		};
		01523E1C22675A41009F00BB /* Release */ = {
			isa = XCBuildConfiguration;
			buildSettings = {
				ASSETCATALOG_COMPILER_APPICON_NAME = AppIcon;
				CODE_SIGN_STYLE = Automatic;
				INFOPLIST_FILE = MovieApp/Info.plist;
				LD_RUNPATH_SEARCH_PATHS = (
					"$(inherited)",
					"@executable_path/Frameworks",
				);
				PRODUCT_BUNDLE_IDENTIFIER = mobe.MovieApp;
				PRODUCT_NAME = "$(TARGET_NAME)";
				SWIFT_VERSION = 4.2;
				TARGETED_DEVICE_FAMILY = "1,2";
			};
			name = Release;
		};
		01523E1E22675A41009F00BB /* Debug */ = {
			isa = XCBuildConfiguration;
			buildSettings = {
				ALWAYS_EMBED_SWIFT_STANDARD_LIBRARIES = YES;
				BUNDLE_LOADER = "$(TEST_HOST)";
				CODE_SIGN_STYLE = Automatic;
				INFOPLIST_FILE = MovieAppTests/Info.plist;
				LD_RUNPATH_SEARCH_PATHS = (
					"$(inherited)",
					"@executable_path/Frameworks",
					"@loader_path/Frameworks",
				);
				PRODUCT_BUNDLE_IDENTIFIER = mobe.MovieAppTests;
				PRODUCT_NAME = "$(TARGET_NAME)";
				SWIFT_VERSION = 4.2;
				TARGETED_DEVICE_FAMILY = "1,2";
				TEST_HOST = "$(BUILT_PRODUCTS_DIR)/MovieApp.app/MovieApp";
			};
			name = Debug;
		};
		01523E1F22675A41009F00BB /* Release */ = {
			isa = XCBuildConfiguration;
			buildSettings = {
				ALWAYS_EMBED_SWIFT_STANDARD_LIBRARIES = YES;
				BUNDLE_LOADER = "$(TEST_HOST)";
				CODE_SIGN_STYLE = Automatic;
				INFOPLIST_FILE = MovieAppTests/Info.plist;
				LD_RUNPATH_SEARCH_PATHS = (
					"$(inherited)",
					"@executable_path/Frameworks",
					"@loader_path/Frameworks",
				);
				PRODUCT_BUNDLE_IDENTIFIER = mobe.MovieAppTests;
				PRODUCT_NAME = "$(TARGET_NAME)";
				SWIFT_VERSION = 4.2;
				TARGETED_DEVICE_FAMILY = "1,2";
				TEST_HOST = "$(BUILT_PRODUCTS_DIR)/MovieApp.app/MovieApp";
			};
			name = Release;
		};
		01523E2122675A41009F00BB /* Debug */ = {
			isa = XCBuildConfiguration;
			buildSettings = {
				ALWAYS_EMBED_SWIFT_STANDARD_LIBRARIES = YES;
				CODE_SIGN_STYLE = Automatic;
				INFOPLIST_FILE = MovieAppUITests/Info.plist;
				LD_RUNPATH_SEARCH_PATHS = (
					"$(inherited)",
					"@executable_path/Frameworks",
					"@loader_path/Frameworks",
				);
				PRODUCT_BUNDLE_IDENTIFIER = mobe.MovieAppUITests;
				PRODUCT_NAME = "$(TARGET_NAME)";
				SWIFT_VERSION = 4.2;
				TARGETED_DEVICE_FAMILY = "1,2";
				TEST_TARGET_NAME = MovieApp;
			};
			name = Debug;
		};
		01523E2222675A41009F00BB /* Release */ = {
			isa = XCBuildConfiguration;
			buildSettings = {
				ALWAYS_EMBED_SWIFT_STANDARD_LIBRARIES = YES;
				CODE_SIGN_STYLE = Automatic;
				INFOPLIST_FILE = MovieAppUITests/Info.plist;
				LD_RUNPATH_SEARCH_PATHS = (
					"$(inherited)",
					"@executable_path/Frameworks",
					"@loader_path/Frameworks",
				);
				PRODUCT_BUNDLE_IDENTIFIER = mobe.MovieAppUITests;
				PRODUCT_NAME = "$(TARGET_NAME)";
				SWIFT_VERSION = 4.2;
				TARGETED_DEVICE_FAMILY = "1,2";
				TEST_TARGET_NAME = MovieApp;
			};
			name = Release;
		};
/* End XCBuildConfiguration section */

/* Begin XCConfigurationList section */
		01523DED22675A3F009F00BB /* Build configuration list for PBXProject "MovieApp" */ = {
			isa = XCConfigurationList;
			buildConfigurations = (
				01523E1822675A41009F00BB /* Debug */,
				01523E1922675A41009F00BB /* Release */,
			);
			defaultConfigurationIsVisible = 0;
			defaultConfigurationName = Release;
		};
		01523E1A22675A41009F00BB /* Build configuration list for PBXNativeTarget "MovieApp" */ = {
			isa = XCConfigurationList;
			buildConfigurations = (
				01523E1B22675A41009F00BB /* Debug */,
				01523E1C22675A41009F00BB /* Release */,
			);
			defaultConfigurationIsVisible = 0;
			defaultConfigurationName = Release;
		};
		01523E1D22675A41009F00BB /* Build configuration list for PBXNativeTarget "MovieAppTests" */ = {
			isa = XCConfigurationList;
			buildConfigurations = (
				01523E1E22675A41009F00BB /* Debug */,
				01523E1F22675A41009F00BB /* Release */,
			);
			defaultConfigurationIsVisible = 0;
			defaultConfigurationName = Release;
		};
		01523E2022675A41009F00BB /* Build configuration list for PBXNativeTarget "MovieAppUITests" */ = {
			isa = XCConfigurationList;
			buildConfigurations = (
				01523E2122675A41009F00BB /* Debug */,
				01523E2222675A41009F00BB /* Release */,
			);
			defaultConfigurationIsVisible = 0;
			defaultConfigurationName = Release;
		};
/* End XCConfigurationList section */
	};
	rootObject = 01523DEA22675A3F009F00BB /* Project object */;
}
